
Microsoft Visual Studio Solution File, Format Version 12.00
# Visual Studio 14
VisualStudioVersion = 14.0.25123.0
MinimumVisualStudioVersion = 10.0.40219.1
Project("{888888A0-9F3D-457C-B088-3A5042F75D52}") = "t411nfobuilder", "t411nfobuilder.pyproj", "{1396C770-42F4-43BD-974B-6E0591CA4330}"
EndProject
Global
	GlobalSection(SolutionConfigurationPlatforms) = preSolution
		Debug|Any CPU = Debug|Any CPU
		Release|Any CPU = Release|Any CPU
	EndGlobalSection
	GlobalSection(ProjectConfigurationPlatforms) = postSolution
		{1396C770-42F4-43BD-974B-6E0591CA4330}.Debug|Any CPU.ActiveCfg = Debug|Any CPU
		{1396C770-42F4-43BD-974B-6E0591CA4330}.Release|Any CPU.ActiveCfg = Release|Any CPU
	EndGlobalSection
	GlobalSection(SolutionProperties) = preSolution
		HideSolutionNode = FALSE
	EndGlobalSection
	GlobalSection(CodealikeProperties) = postSolution
		SolutionGuid = 3ab37d86-c389-4bf0-b4d6-d9e1dc46aea9
	EndGlobalSection
EndGlobal
